version = 1
requires-python = ">=3.13"

[[package]]
name = "experiments"
version = "0.1.0"
source = { virtual = "." }
dependencies = [
    { name = "ruff" },
]

[package.metadata]
requires-dist = [{ name = "ruff", specifier = ">=0.14.10" }]

[[package]]
name = "ruff"
version = "0.14.10"
source = { registry = "https://pypi.org/simple" }
sdist = { url = "https://files.pythonhosted.org/packages/57/08/52232a877978dd8f9cf2aeddce3e611b40a63287dfca29b6b8da791f5e8d/ruff-0.14.10.tar.gz", hash = "sha256:9a2e830f075d1a42cd28420d7809ace390832a490ed0966fe373ba288e77aaf4", size = 5859763 }
wheels = [
    { url = "https://files.pythonhosted.org/packages/60/01/933704d69f3f05ee16ef11406b78881733c186fe14b6a46b05cfcaf6d3b2/ruff-0.14.10-py3-none-linux_armv6l.whl", hash = "sha256:7a3ce585f2ade3e1f29ec1b92df13e3da262178df8c8bdf876f48fa0e8316c49", size = 13527080 },
    { url = "https://files.pythonhosted.org/packages/df/58/a0349197a7dfa603ffb7f5b0470391efa79ddc327c1e29c4851e85b09cc5/ruff-0.14.10-py3-none-macosx_10_12_x86_64.whl", hash = "sha256:674f9be9372907f7257c51f1d4fc902cb7cf014b9980152b802794317941f08f", size = 13797320 },
    { url = "https://files.pythonhosted.org/packages/7b/82/36be59f00a6082e38c23536df4e71cdbc6af8d7c707eade97fcad5c98235/ruff-0.14.10-py3-none-macosx_11_0_arm64.whl", hash = "sha256:d85713d522348837ef9df8efca33ccb8bd6fcfc86a2cde3ccb4bc9d28a18003d", size = 12918434 },
    { url = "https://files.pythonhosted.org/packages/a6/00/45c62a7f7e34da92a25804f813ebe05c88aa9e0c25e5cb5a7d23dd7450e3/ruff-0.14.10-py3-none-manylinux_2_17_aarch64.manylinux2014_aarch64.whl", hash = "sha256:6987ebe0501ae4f4308d7d24e2d0fe3d7a98430f5adfd0f1fead050a740a3a77", size = 13371961 },
    { url = "https://files.pythonhosted.org/packages/40/31/a5906d60f0405f7e57045a70f2d57084a93ca7425f22e1d66904769d1628/ruff-0.14.10-py3-none-manylinux_2_17_armv7l.manylinux2014_armv7l.whl", hash = "sha256:16a01dfb7b9e4eee556fbfd5392806b1b8550c9b4a9f6acd3dbe6812b193c70a", size = 13275629 },
    { url = "https://files.pythonhosted.org/packages/3e/60/61c0087df21894cf9d928dc04bcd4fb10e8b2e8dca7b1a276ba2155b2002/ruff-0.14.10-py3-none-manylinux_2_17_i686.manylinux2014_i686.whl", hash = "sha256:7165d31a925b7a294465fa81be8c12a0e9b60fb02bf177e79067c867e71f8b1f", size = 14029234 },
    { url = "https://files.pythonhosted.org/packages/44/84/77d911bee3b92348b6e5dab5a0c898d87084ea03ac5dc708f46d88407def/ruff-0.14.10-py3-none-manylinux_2_17_ppc64.manylinux2014_ppc64.whl", hash = "sha256:c561695675b972effb0c0a45db233f2c816ff3da8dcfbe7dfc7eed625f218935", size = 15449890 },
    { url = "https://files.pythonhosted.org/packages/e9/36/480206eaefa24a7ec321582dda580443a8f0671fdbf6b1c80e9c3e93a16a/ruff-0.14.10-py3-none-manylinux_2_17_ppc64le.manylinux2014_ppc64le.whl", hash = "sha256:4bb98fcbbc61725968893682fd4df8966a34611239c9fd07a1f6a07e7103d08e", size = 15123172 },
    { url = "https://files.pythonhosted.org/packages/5c/38/68e414156015ba80cef5473d57919d27dfb62ec804b96180bafdeaf0e090/ruff-0.14.10-py3-none-manylinux_2_17_s390x.manylinux2014_s390x.whl", hash = "sha256:f24b47993a9d8cb858429e97bdf8544c78029f09b520af615c1d261bf827001d", size = 14460260 },
    { url = "https://files.pythonhosted.org/packages/b3/19/9e050c0dca8aba824d67cc0db69fb459c28d8cd3f6855b1405b3f29cc91d/ruff-0.14.10-py3-none-manylinux_2_17_x86_64.manylinux2014_x86_64.whl", hash = "sha256:59aabd2e2c4fd614d2862e7939c34a532c04f1084476d6833dddef4afab87e9f", size = 14229978 },
    { url = "https://files.pythonhosted.org/packages/51/eb/e8dd1dd6e05b9e695aa9dd420f4577debdd0f87a5ff2fedda33c09e9be8c/ruff-0.14.10-py3-none-manylinux_2_31_riscv64.whl", hash = "sha256:213db2b2e44be8625002dbea33bb9c60c66ea2c07c084a00d55732689d697a7f", size = 14338036 },
    { url = "https://files.pythonhosted.org/packages/6a/12/f3e3a505db7c19303b70af370d137795fcfec136d670d5de5391e295c134/ruff-0.14.10-py3-none-musllinux_1_2_aarch64.whl", hash = "sha256:b914c40ab64865a17a9a5b67911d14df72346a634527240039eb3bd650e5979d", size = 13264051 },
    { url = "https://files.pythonhosted.org/packages/08/64/8c3a47eaccfef8ac20e0484e68e0772013eb85802f8a9f7603ca751eb166/ruff-0.14.10-py3-none-musllinux_1_2_armv7l.whl", hash = "sha256:1484983559f026788e3a5c07c81ef7d1e97c1c78ed03041a18f75df104c45405", size = 13283998 },
    { url = "https://files.pythonhosted.org/packages/12/84/534a5506f4074e5cc0529e5cd96cfc01bb480e460c7edf5af70d2bcae55e/ruff-0.14.10-py3-none-musllinux_1_2_i686.whl", hash = "sha256:c70427132db492d25f982fffc8d6c7535cc2fd2c83fc8888f05caaa248521e60", size = 13601891 },
    { url = "https://files.pythonhosted.org/packages/0d/1e/14c916087d8598917dbad9b2921d340f7884824ad6e9c55de948a93b106d/ruff-0.14.10-py3-none-musllinux_1_2_x86_64.whl", hash = "sha256:5bcf45b681e9f1ee6445d317ce1fa9d6cba9a6049542d1c3d5b5958986be8830", size = 14336660 },
    { url = "https://files.pythonhosted.org/packages/f2/1c/d7b67ab43f30013b47c12b42d1acd354c195351a3f7a1d67f59e54227ede/ruff-0.14.10-py3-none-win32.whl", hash = "sha256:104c49fc7ab73f3f3a758039adea978869a918f31b73280db175b43a2d9b51d6", size = 13196187 },
    { url = "https://files.pythonhosted.org/packages/fb/9c/896c862e13886fae2af961bef3e6312db9ebc6adc2b156fe95e615dee8c1/ruff-0.14.10-py3-none-win_amd64.whl", hash = "sha256:466297bd73638c6bdf06485683e812db1c00c7ac96d4ddd0294a338c62fdc154", size = 14661283 },
    { url = "https://files.pythonhosted.org/packages/74/31/b0e29d572670dca3674eeee78e418f20bdf97fa8aa9ea71380885e175ca0/ruff-0.14.10-py3-none-win_arm64.whl", hash = "sha256:e51d046cf6dda98a4633b8a8a771451107413b0f07183b2bef03f075599e44e6", size = 13729839 },
]
